
Microsoft Visual Studio Solution File, Format Version 12.00
# Visual Studio Version 17
VisualStudioVersion = 17.14.36603.0 d17.14
MinimumVisualStudioVersion = 10.0.40219.1
Project("{FAE04EC0-301F-11D3-BF4B-00C04F79EFBC}") = "recycle.Domain", "recycle.Domain\recycle.Domain.csproj", "{457878F4-576E-4EE6-8B4C-A4D0F398D044}"
EndProject
Project("{FAE04EC0-301F-11D3-BF4B-00C04F79EFBC}") = "recycle.Application", "recycle.Application\recycle.Application.csproj", "{98D09643-C27D-47B0-85AC-D98DD1FD2AC5}"
EndProject
Project("{FAE04EC0-301F-11D3-BF4B-00C04F79EFBC}") = "recycle.Infrastructure", "recycle.Infrastructure\recycle.Infrastructure.csproj", "{79BE4A6E-039B-4F51-9701-C0AF2BD7DB02}"
EndProject
Project("{FAE04EC0-301F-11D3-BF4B-00C04F79EFBC}") = "recycle.API", "recycle.API\recycle.API.csproj", "{CA63590B-9EFF-42B1-A5E7-30B87903D469}"
EndProject
Global
	GlobalSection(SolutionConfigurationPlatforms) = preSolution
		Debug|Any CPU = Debug|Any CPU
		Release|Any CPU = Release|Any CPU
	EndGlobalSection
	GlobalSection(ProjectConfigurationPlatforms) = postSolution
		{457878F4-576E-4EE6-8B4C-A4D0F398D044}.Debug|Any CPU.ActiveCfg = Debug|Any CPU
		{457878F4-576E-4EE6-8B4C-A4D0F398D044}.Debug|Any CPU.Build.0 = Debug|Any CPU
		{457878F4-576E-4EE6-8B4C-A4D0F398D044}.Release|Any CPU.ActiveCfg = Release|Any CPU
		{457878F4-576E-4EE6-8B4C-A4D0F398D044}.Release|Any CPU.Build.0 = Release|Any CPU
		{98D09643-C27D-47B0-85AC-D98DD1FD2AC5}.Debug|Any CPU.ActiveCfg = Debug|Any CPU
		{98D09643-C27D-47B0-85AC-D98DD1FD2AC5}.Debug|Any CPU.Build.0 = Debug|Any CPU
		{98D09643-C27D-47B0-85AC-D98DD1FD2AC5}.Release|Any CPU.ActiveCfg = Release|Any CPU
		{98D09643-C27D-47B0-85AC-D98DD1FD2AC5}.Release|Any CPU.Build.0 = Release|Any CPU
		{79BE4A6E-039B-4F51-9701-C0AF2BD7DB02}.Debug|Any CPU.ActiveCfg = Debug|Any CPU
		{79BE4A6E-039B-4F51-9701-C0AF2BD7DB02}.Debug|Any CPU.Build.0 = Debug|Any CPU
		{79BE4A6E-039B-4F51-9701-C0AF2BD7DB02}.Release|Any CPU.ActiveCfg = Release|Any CPU
		{79BE4A6E-039B-4F51-9701-C0AF2BD7DB02}.Release|Any CPU.Build.0 = Release|Any CPU
		{CA63590B-9EFF-42B1-A5E7-30B87903D469}.Debug|Any CPU.ActiveCfg = Debug|Any CPU
		{CA63590B-9EFF-42B1-A5E7-30B87903D469}.Debug|Any CPU.Build.0 = Debug|Any CPU
		{CA63590B-9EFF-42B1-A5E7-30B87903D469}.Release|Any CPU.ActiveCfg = Release|Any CPU
		{CA63590B-9EFF-42B1-A5E7-30B87903D469}.Release|Any CPU.Build.0 = Release|Any CPU
	EndGlobalSection
	GlobalSection(SolutionProperties) = preSolution
		HideSolutionNode = FALSE
	EndGlobalSection
	GlobalSection(ExtensibilityGlobals) = postSolution
		SolutionGuid = {3F766700-A898-462B-9A27-ED522F07F153}
	EndGlobalSection
EndGlobal
